
Microsoft Visual Studio Solution File, Format Version 10.00
# Visual Studio 2008
Project("{FAE04EC0-301F-11D3-BF4B-00C04F79EFBC}") = "socketbuses", "socketbuses\socketbuses.csproj", "{2329C7FF-FEA1-49E0-8167-C80CFB32D7AB}"
EndProject
Project("{54435603-DBB4-11D2-8724-00A0C9A8B90C}") = "SetupSimSocket", "SetupSimSocket\SetupSimSocket.vdproj", "{6DE5F9D7-B483-421A-92AB-6D1FDBFC78CA}"
EndProject
Global
	GlobalSection(SolutionConfigurationPlatforms) = preSolution
		Debug|Any CPU = Debug|Any CPU
		Release|Any CPU = Release|Any CPU
	EndGlobalSection
	GlobalSection(ProjectConfigurationPlatforms) = postSolution
		{2329C7FF-FEA1-49E0-8167-C80CFB32D7AB}.Debug|Any CPU.ActiveCfg = Debug|Any CPU
		{2329C7FF-FEA1-49E0-8167-C80CFB32D7AB}.Debug|Any CPU.Build.0 = Debug|Any CPU
		{2329C7FF-FEA1-49E0-8167-C80CFB32D7AB}.Release|Any CPU.ActiveCfg = Release|Any CPU
		{2329C7FF-FEA1-49E0-8167-C80CFB32D7AB}.Release|Any CPU.Build.0 = Release|Any CPU
		{6DE5F9D7-B483-421A-92AB-6D1FDBFC78CA}.Debug|Any CPU.ActiveCfg = Debug
		{6DE5F9D7-B483-421A-92AB-6D1FDBFC78CA}.Release|Any CPU.ActiveCfg = Release
	EndGlobalSection
	GlobalSection(SolutionProperties) = preSolution
		HideSolutionNode = FALSE
	EndGlobalSection
EndGlobal
